// !$*UTF8*$!
{
	archiveVersion = 1;
	classes = {
	};
	objectVersion = 55;
	objects = {

/* Begin PBXBuildFile section */
		2B39E0D1290A5D98004B4284 /* InnerPeaceApp.swift in Sources */ = {isa = PBXBuildFile; fileRef = 2B39E0D0290A5D98004B4284 /* InnerPeaceApp.swift */; };
		2B39E0D5290A5D9A004B4284 /* Assets.xcassets in Resources */ = {isa = PBXBuildFile; fileRef = 2B39E0D4290A5D9A004B4284 /* Assets.xcassets */; };
		2B39E0D8290A5D9A004B4284 /* Preview Assets.xcassets in Resources */ = {isa = PBXBuildFile; fileRef = 2B39E0D7290A5D9A004B4284 /* Preview Assets.xcassets */; };
		2B39E0F1290A8AC3004B4284 /* OnboardingViewT.swift in Sources */ = {isa = PBXBuildFile; fileRef = 2B39E0F0290A8AC3004B4284 /* OnboardingViewT.swift */; };
		2B39E0F3290A8B69004B4284 /* OnboardingScreensView.swift in Sources */ = {isa = PBXBuildFile; fileRef = 2B39E0F2290A8B69004B4284 /* OnboardingScreensView.swift */; };
		2B39E0F5290A8C0B004B4284 /* SplashView.swift in Sources */ = {isa = PBXBuildFile; fileRef = 2B39E0F4290A8C0B004B4284 /* SplashView.swift */; };
		2B39E0F9290A8C5F004B4284 /* TestIntroView.swift in Sources */ = {isa = PBXBuildFile; fileRef = 2B39E0F8290A8C5F004B4284 /* TestIntroView.swift */; };
		2B39E0FC290E5F9E004B4284 /* Lottie in Frameworks */ = {isa = PBXBuildFile; productRef = 2B39E0FB290E5F9E004B4284 /* Lottie */; };
		2B39E102290E628B004B4284 /* LottieView.swift in Sources */ = {isa = PBXBuildFile; fileRef = 2B39E101290E628B004B4284 /* LottieView.swift */; };
		2B39E108290E6E48004B4284 /* Logo.json in Resources */ = {isa = PBXBuildFile; fileRef = 2B39E107290E6E48004B4284 /* Logo.json */; };
		2B819663290EC95700C5649B /* TestBreakView2.swift in Sources */ = {isa = PBXBuildFile; fileRef = 2B819662290EC95700C5649B /* TestBreakView2.swift */; };
		2B81966C290FAD0800C5649B /* Loader.json in Resources */ = {isa = PBXBuildFile; fileRef = 2B81966B290FAD0800C5649B /* Loader.json */; };
		2B81966E290FAD3A00C5649B /* SettingRoutineView.swift in Sources */ = {isa = PBXBuildFile; fileRef = 2B81966D290FAD3A00C5649B /* SettingRoutineView.swift */; };
		2B819671290FC9F100C5649B /* RoutineView.swift in Sources */ = {isa = PBXBuildFile; fileRef = 2B819670290FC9F100C5649B /* RoutineView.swift */; };
		2B819673290FCACB00C5649B /* Loader2.json in Resources */ = {isa = PBXBuildFile; fileRef = 2B819672290FCACB00C5649B /* Loader2.json */; };
		2B81967929100D6800C5649B /* HabitsTestView1.swift in Sources */ = {isa = PBXBuildFile; fileRef = 2B81967829100D6800C5649B /* HabitsTestView1.swift */; };
		2B81967C2910FF2B00C5649B /* Collections in Frameworks */ = {isa = PBXBuildFile; productRef = 2B81967B2910FF2B00C5649B /* Collections */; };
		2B81967E2910FF2B00C5649B /* DequeModule in Frameworks */ = {isa = PBXBuildFile; productRef = 2B81967D2910FF2B00C5649B /* DequeModule */; };
		2B8196802910FF2B00C5649B /* OrderedCollections in Frameworks */ = {isa = PBXBuildFile; productRef = 2B81967F2910FF2B00C5649B /* OrderedCollections */; };
		2B81968229110A5600C5649B /* ExercisesView.swift in Sources */ = {isa = PBXBuildFile; fileRef = 2B81968129110A5600C5649B /* ExercisesView.swift */; };
		2B8196842911180D00C5649B /* TestReportView.swift in Sources */ = {isa = PBXBuildFile; fileRef = 2B8196832911180D00C5649B /* TestReportView.swift */; };
		2B81968729111B4F00C5649B /* SwiftUICharts in Frameworks */ = {isa = PBXBuildFile; productRef = 2B81968629111B4F00C5649B /* SwiftUICharts */; };
		2B8196892911369C00C5649B /* AnxietyTestView1.swift in Sources */ = {isa = PBXBuildFile; fileRef = 2B8196882911369C00C5649B /* AnxietyTestView1.swift */; };
		2BEFDFF2290E957D009C56F6 /* TestBreakView.swift in Sources */ = {isa = PBXBuildFile; fileRef = 2BEFDFF1290E957D009C56F6 /* TestBreakView.swift */; };
		56B7F22D29100DFF00E9E870 /* MusicView.swift in Sources */ = {isa = PBXBuildFile; fileRef = 56B7F22C29100DFF00E9E870 /* MusicView.swift */; };
/* End PBXBuildFile section */

/* Begin PBXFileReference section */
		2B39E0CD290A5D98004B4284 /* InnerPeace.app */ = {isa = PBXFileReference; explicitFileType = wrapper.application; includeInIndex = 0; path = InnerPeace.app; sourceTree = BUILT_PRODUCTS_DIR; };
		2B39E0D0290A5D98004B4284 /* InnerPeaceApp.swift */ = {isa = PBXFileReference; lastKnownFileType = sourcecode.swift; path = InnerPeaceApp.swift; sourceTree = "<group>"; };
		2B39E0D4290A5D9A004B4284 /* Assets.xcassets */ = {isa = PBXFileReference; lastKnownFileType = folder.assetcatalog; path = Assets.xcassets; sourceTree = "<group>"; };
		2B39E0D7290A5D9A004B4284 /* Preview Assets.xcassets */ = {isa = PBXFileReference; lastKnownFileType = folder.assetcatalog; path = "Preview Assets.xcassets"; sourceTree = "<group>"; };
		2B39E0F0290A8AC3004B4284 /* OnboardingViewT.swift */ = {isa = PBXFileReference; lastKnownFileType = sourcecode.swift; path = OnboardingViewT.swift; sourceTree = "<group>"; };
		2B39E0F2290A8B69004B4284 /* OnboardingScreensView.swift */ = {isa = PBXFileReference; lastKnownFileType = sourcecode.swift; path = OnboardingScreensView.swift; sourceTree = "<group>"; };
		2B39E0F4290A8C0B004B4284 /* SplashView.swift */ = {isa = PBXFileReference; lastKnownFileType = sourcecode.swift; path = SplashView.swift; sourceTree = "<group>"; };
		2B39E0F8290A8C5F004B4284 /* TestIntroView.swift */ = {isa = PBXFileReference; lastKnownFileType = sourcecode.swift; path = TestIntroView.swift; sourceTree = "<group>"; };
		2B39E101290E628B004B4284 /* LottieView.swift */ = {isa = PBXFileReference; lastKnownFileType = sourcecode.swift; path = LottieView.swift; sourceTree = "<group>"; };
		2B39E107290E6E48004B4284 /* Logo.json */ = {isa = PBXFileReference; fileEncoding = 4; lastKnownFileType = text.json; path = Logo.json; sourceTree = "<group>"; };
		2B819662290EC95700C5649B /* TestBreakView2.swift */ = {isa = PBXFileReference; lastKnownFileType = sourcecode.swift; path = TestBreakView2.swift; sourceTree = "<group>"; };
		2B81966B290FAD0800C5649B /* Loader.json */ = {isa = PBXFileReference; fileEncoding = 4; lastKnownFileType = text.json; path = Loader.json; sourceTree = "<group>"; };
		2B81966D290FAD3A00C5649B /* SettingRoutineView.swift */ = {isa = PBXFileReference; lastKnownFileType = sourcecode.swift; path = SettingRoutineView.swift; sourceTree = "<group>"; };
		2B819670290FC9F100C5649B /* RoutineView.swift */ = {isa = PBXFileReference; lastKnownFileType = sourcecode.swift; path = RoutineView.swift; sourceTree = "<group>"; };
		2B819672290FCACB00C5649B /* Loader2.json */ = {isa = PBXFileReference; fileEncoding = 4; lastKnownFileType = text.json; path = Loader2.json; sourceTree = "<group>"; };
		2B81967829100D6800C5649B /* HabitsTestView1.swift */ = {isa = PBXFileReference; lastKnownFileType = sourcecode.swift; path = HabitsTestView1.swift; sourceTree = "<group>"; };
		2B81968129110A5600C5649B /* ExercisesView.swift */ = {isa = PBXFileReference; lastKnownFileType = sourcecode.swift; path = ExercisesView.swift; sourceTree = "<group>"; };
		2B8196832911180D00C5649B /* TestReportView.swift */ = {isa = PBXFileReference; lastKnownFileType = sourcecode.swift; path = TestReportView.swift; sourceTree = "<group>"; };
		2B8196882911369C00C5649B /* AnxietyTestView1.swift */ = {isa = PBXFileReference; lastKnownFileType = sourcecode.swift; path = AnxietyTestView1.swift; sourceTree = "<group>"; };
		2BEFDFF1290E957D009C56F6 /* TestBreakView.swift */ = {isa = PBXFileReference; lastKnownFileType = sourcecode.swift; path = TestBreakView.swift; sourceTree = "<group>"; };
		56B7F22C29100DFF00E9E870 /* MusicView.swift */ = {isa = PBXFileReference; lastKnownFileType = sourcecode.swift; path = MusicView.swift; sourceTree = "<group>"; };
/* End PBXFileReference section */

/* Begin PBXFrameworksBuildPhase section */
		2B39E0CA290A5D98004B4284 /* Frameworks */ = {
			isa = PBXFrameworksBuildPhase;
			buildActionMask = 2147483647;
			files = (
				2B81967C2910FF2B00C5649B /* Collections in Frameworks */,
				2B39E0FC290E5F9E004B4284 /* Lottie in Frameworks */,
				2B8196802910FF2B00C5649B /* OrderedCollections in Frameworks */,
				2B81967E2910FF2B00C5649B /* DequeModule in Frameworks */,
				2B81968729111B4F00C5649B /* SwiftUICharts in Frameworks */,
			);
			runOnlyForDeploymentPostprocessing = 0;
		};
/* End PBXFrameworksBuildPhase section */

/* Begin PBXGroup section */
		2B39E0C4290A5D98004B4284 = {
			isa = PBXGroup;
			children = (
				2B39E0CF290A5D98004B4284 /* InnerPeace */,
				2B39E0CE290A5D98004B4284 /* Products */,
			);
			sourceTree = "<group>";
		};
		2B39E0CE290A5D98004B4284 /* Products */ = {
			isa = PBXGroup;
			children = (
				2B39E0CD290A5D98004B4284 /* InnerPeace.app */,
			);
			name = Products;
			sourceTree = "<group>";
		};
		2B39E0CF290A5D98004B4284 /* InnerPeace */ = {
			isa = PBXGroup;
			children = (
				2B39E0DF290A6070004B4284 /* View */,
				2B39E0DE290A6065004B4284 /* Model */,
				2B39E0D0290A5D98004B4284 /* InnerPeaceApp.swift */,
				2B39E0D4290A5D9A004B4284 /* Assets.xcassets */,
				2B39E0D6290A5D9A004B4284 /* Preview Content */,
			);
			path = InnerPeace;
			sourceTree = "<group>";
		};
		2B39E0D6290A5D9A004B4284 /* Preview Content */ = {
			isa = PBXGroup;
			children = (
				2B39E0D7290A5D9A004B4284 /* Preview Assets.xcassets */,
			);
			path = "Preview Content";
			sourceTree = "<group>";
		};
		2B39E0DE290A6065004B4284 /* Model */ = {
			isa = PBXGroup;
			children = (
			);
			path = Model;
			sourceTree = "<group>";
		};
		2B39E0DF290A6070004B4284 /* View */ = {
			isa = PBXGroup;
			children = (
				2B39E0EF290A8A9D004B4284 /* Onboarding Views */,
				2B39E0F6290A8C35004B4284 /* Test Views */,
				2B81966F290FC9C100C5649B /* Routine Views */,
				2B39E101290E628B004B4284 /* LottieView.swift */,
				2B81966B290FAD0800C5649B /* Loader.json */,
				2B819672290FCACB00C5649B /* Loader2.json */,
				2B39E107290E6E48004B4284 /* Logo.json */,
			);
			path = View;
			sourceTree = "<group>";
		};
		2B39E0EF290A8A9D004B4284 /* Onboarding Views */ = {
			isa = PBXGroup;
			children = (
				2B39E0F0290A8AC3004B4284 /* OnboardingViewT.swift */,
				2B39E0F2290A8B69004B4284 /* OnboardingScreensView.swift */,
				2B39E0F4290A8C0B004B4284 /* SplashView.swift */,
			);
			path = "Onboarding Views";
			sourceTree = "<group>";
		};
		2B39E0F6290A8C35004B4284 /* Test Views */ = {
			isa = PBXGroup;
			children = (
				2B81967429100A9800C5649B /* Test Break Views */,
				2B81967529100AE300C5649B /* Anxiety Test Views */,
				2B81967629100AEE00C5649B /* Depression Test Views */,
				2B81967729100B0000C5649B /* Habits Prefrences Views */,
				2B8196832911180D00C5649B /* TestReportView.swift */,
			);
			path = "Test Views";
			sourceTree = "<group>";
		};
		2B81966F290FC9C100C5649B /* Routine Views */ = {
			isa = PBXGroup;
			children = (
				2B819670290FC9F100C5649B /* RoutineView.swift */,
				56B7F22C29100DFF00E9E870 /* MusicView.swift */,
				2B81968129110A5600C5649B /* ExercisesView.swift */,
			);
			path = "Routine Views";
			sourceTree = "<group>";
		};
		2B81967429100A9800C5649B /* Test Break Views */ = {
			isa = PBXGroup;
			children = (
				2B39E0F8290A8C5F004B4284 /* TestIntroView.swift */,
				2BEFDFF1290E957D009C56F6 /* TestBreakView.swift */,
				2B819662290EC95700C5649B /* TestBreakView2.swift */,
				2B81966D290FAD3A00C5649B /* SettingRoutineView.swift */,
			);
			path = "Test Break Views";
			sourceTree = "<group>";
		};
		2B81967529100AE300C5649B /* Anxiety Test Views */ = {
			isa = PBXGroup;
			children = (
				2B8196882911369C00C5649B /* AnxietyTestView1.swift */,
			);
			path = "Anxiety Test Views";
			sourceTree = "<group>";
		};
		2B81967629100AEE00C5649B /* Depression Test Views */ = {
			isa = PBXGroup;
			children = (
			);
			path = "Depression Test Views";
			sourceTree = "<group>";
		};
		2B81967729100B0000C5649B /* Habits Prefrences Views */ = {
			isa = PBXGroup;
			children = (
				2B81967829100D6800C5649B /* HabitsTestView1.swift */,
			);
			path = "Habits Prefrences Views";
			sourceTree = "<group>";
		};
/* End PBXGroup section */

/* Begin PBXNativeTarget section */
		2B39E0CC290A5D98004B4284 /* InnerPeace */ = {
			isa = PBXNativeTarget;
			buildConfigurationList = 2B39E0DB290A5D9A004B4284 /* Build configuration list for PBXNativeTarget "InnerPeace" */;
			buildPhases = (
				2B39E0C9290A5D98004B4284 /* Sources */,
				2B39E0CA290A5D98004B4284 /* Frameworks */,
				2B39E0CB290A5D98004B4284 /* Resources */,
			);
			buildRules = (
			);
			dependencies = (
			);
			name = InnerPeace;
			packageProductDependencies = (
				2B39E0FB290E5F9E004B4284 /* Lottie */,
				2B81967B2910FF2B00C5649B /* Collections */,
				2B81967D2910FF2B00C5649B /* DequeModule */,
				2B81967F2910FF2B00C5649B /* OrderedCollections */,
				2B81968629111B4F00C5649B /* SwiftUICharts */,
			);
			productName = InnerPeace;
			productReference = 2B39E0CD290A5D98004B4284 /* InnerPeace.app */;
			productType = "com.apple.product-type.application";
		};
/* End PBXNativeTarget section */

/* Begin PBXProject section */
		2B39E0C5290A5D98004B4284 /* Project object */ = {
			isa = PBXProject;
			attributes = {
				BuildIndependentTargetsInParallel = 1;
				LastSwiftUpdateCheck = 1340;
				LastUpgradeCheck = 1340;
				TargetAttributes = {
					2B39E0CC290A5D98004B4284 = {
						CreatedOnToolsVersion = 13.4.1;
					};
				};
			};
			buildConfigurationList = 2B39E0C8290A5D98004B4284 /* Build configuration list for PBXProject "InnerPeace" */;
			compatibilityVersion = "Xcode 13.0";
			developmentRegion = en;
			hasScannedForEncodings = 0;
			knownRegions = (
				en,
				Base,
			);
			mainGroup = 2B39E0C4290A5D98004B4284;
			packageReferences = (
				2B39E0FA290E5F9E004B4284 /* XCRemoteSwiftPackageReference "lottie-ios" */,
				2B81967A2910FF2B00C5649B /* XCRemoteSwiftPackageReference "swift-collections" */,
				2B81968529111B4F00C5649B /* XCRemoteSwiftPackageReference "ChartView" */,
			);
			productRefGroup = 2B39E0CE290A5D98004B4284 /* Products */;
			projectDirPath = "";
			projectRoot = "";
			targets = (
				2B39E0CC290A5D98004B4284 /* InnerPeace */,
			);
		};
/* End PBXProject section */

/* Begin PBXResourcesBuildPhase section */
		2B39E0CB290A5D98004B4284 /* Resources */ = {
			isa = PBXResourcesBuildPhase;
			buildActionMask = 2147483647;
			files = (
				2B819673290FCACB00C5649B /* Loader2.json in Resources */,
				2B39E0D8290A5D9A004B4284 /* Preview Assets.xcassets in Resources */,
				2B39E0D5290A5D9A004B4284 /* Assets.xcassets in Resources */,
				2B81966C290FAD0800C5649B /* Loader.json in Resources */,
				2B39E108290E6E48004B4284 /* Logo.json in Resources */,
			);
			runOnlyForDeploymentPostprocessing = 0;
		};
/* End PBXResourcesBuildPhase section */

/* Begin PBXSourcesBuildPhase section */
		2B39E0C9290A5D98004B4284 /* Sources */ = {
			isa = PBXSourcesBuildPhase;
			buildActionMask = 2147483647;
			files = (
				2B39E0D1290A5D98004B4284 /* InnerPeaceApp.swift in Sources */,
				2B819663290EC95700C5649B /* TestBreakView2.swift in Sources */,
				2B39E0F5290A8C0B004B4284 /* SplashView.swift in Sources */,
				2B39E0F1290A8AC3004B4284 /* OnboardingViewT.swift in Sources */,
				2B39E0F3290A8B69004B4284 /* OnboardingScreensView.swift in Sources */,
				2B81966E290FAD3A00C5649B /* SettingRoutineView.swift in Sources */,
				2B81967929100D6800C5649B /* HabitsTestView1.swift in Sources */,
				2B39E0F9290A8C5F004B4284 /* TestIntroView.swift in Sources */,
				2B819671290FC9F100C5649B /* RoutineView.swift in Sources */,
				2BEFDFF2290E957D009C56F6 /* TestBreakView.swift in Sources */,
				2B8196842911180D00C5649B /* TestReportView.swift in Sources */,
				2B8196892911369C00C5649B /* AnxietyTestView1.swift in Sources */,
				2B81968229110A5600C5649B /* ExercisesView.swift in Sources */,
				56B7F22D29100DFF00E9E870 /* MusicView.swift in Sources */,
				2B39E102290E628B004B4284 /* LottieView.swift in Sources */,
			);
			runOnlyForDeploymentPostprocessing = 0;
		};
/* End PBXSourcesBuildPhase section */

/* Begin XCBuildConfiguration section */
		2B39E0D9290A5D9A004B4284 /* Debug */ = {
			isa = XCBuildConfiguration;
			buildSettings = {
				ALWAYS_SEARCH_USER_PATHS = NO;
				CLANG_ANALYZER_NONNULL = YES;
				CLANG_ANALYZER_NUMBER_OBJECT_CONVERSION = YES_AGGRESSIVE;
				CLANG_CXX_LANGUAGE_STANDARD = "gnu++17";
				CLANG_ENABLE_MODULES = YES;
				CLANG_ENABLE_OBJC_ARC = YES;
				CLANG_ENABLE_OBJC_WEAK = YES;
				CLANG_WARN_BLOCK_CAPTURE_AUTORELEASING = YES;
				CLANG_WARN_BOOL_CONVERSION = YES;
				CLANG_WARN_COMMA = YES;
				CLANG_WARN_CONSTANT_CONVERSION = YES;
				CLANG_WARN_DEPRECATED_OBJC_IMPLEMENTATIONS = YES;
				CLANG_WARN_DIRECT_OBJC_ISA_USAGE = YES_ERROR;
				CLANG_WARN_DOCUMENTATION_COMMENTS = YES;
				CLANG_WARN_EMPTY_BODY = YES;
				CLANG_WARN_ENUM_CONVERSION = YES;
				CLANG_WARN_INFINITE_RECURSION = YES;
				CLANG_WARN_INT_CONVERSION = YES;
				CLANG_WARN_NON_LITERAL_NULL_CONVERSION = YES;
				CLANG_WARN_OBJC_IMPLICIT_RETAIN_SELF = YES;
				CLANG_WARN_OBJC_LITERAL_CONVERSION = YES;
				CLANG_WARN_OBJC_ROOT_CLASS = YES_ERROR;
				CLANG_WARN_QUOTED_INCLUDE_IN_FRAMEWORK_HEADER = YES;
				CLANG_WARN_RANGE_LOOP_ANALYSIS = YES;
				CLANG_WARN_STRICT_PROTOTYPES = YES;
				CLANG_WARN_SUSPICIOUS_MOVE = YES;
				CLANG_WARN_UNGUARDED_AVAILABILITY = YES_AGGRESSIVE;
				CLANG_WARN_UNREACHABLE_CODE = YES;
				CLANG_WARN__DUPLICATE_METHOD_MATCH = YES;
				COPY_PHASE_STRIP = NO;
				DEBUG_INFORMATION_FORMAT = dwarf;
				ENABLE_STRICT_OBJC_MSGSEND = YES;
				ENABLE_TESTABILITY = YES;
				GCC_C_LANGUAGE_STANDARD = gnu11;
				GCC_DYNAMIC_NO_PIC = NO;
				GCC_NO_COMMON_BLOCKS = YES;
				GCC_OPTIMIZATION_LEVEL = 0;
				GCC_PREPROCESSOR_DEFINITIONS = (
					"DEBUG=1",
					"$(inherited)",
				);
				GCC_WARN_64_TO_32_BIT_CONVERSION = YES;
				GCC_WARN_ABOUT_RETURN_TYPE = YES_ERROR;
				GCC_WARN_UNDECLARED_SELECTOR = YES;
				GCC_WARN_UNINITIALIZED_AUTOS = YES_AGGRESSIVE;
				GCC_WARN_UNUSED_FUNCTION = YES;
				GCC_WARN_UNUSED_VARIABLE = YES;
				IPHONEOS_DEPLOYMENT_TARGET = 15.5;
				MTL_ENABLE_DEBUG_INFO = INCLUDE_SOURCE;
				MTL_FAST_MATH = YES;
				ONLY_ACTIVE_ARCH = YES;
				SDKROOT = iphoneos;
				SWIFT_ACTIVE_COMPILATION_CONDITIONS = DEBUG;
				SWIFT_OPTIMIZATION_LEVEL = "-Onone";
			};
			name = Debug;
		};
		2B39E0DA290A5D9A004B4284 /* Release */ = {
			isa = XCBuildConfiguration;
			buildSettings = {
				ALWAYS_SEARCH_USER_PATHS = NO;
				CLANG_ANALYZER_NONNULL = YES;
				CLANG_ANALYZER_NUMBER_OBJECT_CONVERSION = YES_AGGRESSIVE;
				CLANG_CXX_LANGUAGE_STANDARD = "gnu++17";
				CLANG_ENABLE_MODULES = YES;
				CLANG_ENABLE_OBJC_ARC = YES;
				CLANG_ENABLE_OBJC_WEAK = YES;
				CLANG_WARN_BLOCK_CAPTURE_AUTORELEASING = YES;
				CLANG_WARN_BOOL_CONVERSION = YES;
				CLANG_WARN_COMMA = YES;
				CLANG_WARN_CONSTANT_CONVERSION = YES;
				CLANG_WARN_DEPRECATED_OBJC_IMPLEMENTATIONS = YES;
				CLANG_WARN_DIRECT_OBJC_ISA_USAGE = YES_ERROR;
				CLANG_WARN_DOCUMENTATION_COMMENTS = YES;
				CLANG_WARN_EMPTY_BODY = YES;
				CLANG_WARN_ENUM_CONVERSION = YES;
				CLANG_WARN_INFINITE_RECURSION = YES;
				CLANG_WARN_INT_CONVERSION = YES;
				CLANG_WARN_NON_LITERAL_NULL_CONVERSION = YES;
				CLANG_WARN_OBJC_IMPLICIT_RETAIN_SELF = YES;
				CLANG_WARN_OBJC_LITERAL_CONVERSION = YES;
				CLANG_WARN_OBJC_ROOT_CLASS = YES_ERROR;
				CLANG_WARN_QUOTED_INCLUDE_IN_FRAMEWORK_HEADER = YES;
				CLANG_WARN_RANGE_LOOP_ANALYSIS = YES;
				CLANG_WARN_STRICT_PROTOTYPES = YES;
				CLANG_WARN_SUSPICIOUS_MOVE = YES;
				CLANG_WARN_UNGUARDED_AVAILABILITY = YES_AGGRESSIVE;
				CLANG_WARN_UNREACHABLE_CODE = YES;
				CLANG_WARN__DUPLICATE_METHOD_MATCH = YES;
				COPY_PHASE_STRIP = NO;
				DEBUG_INFORMATION_FORMAT = "dwarf-with-dsym";
				ENABLE_NS_ASSERTIONS = NO;
				ENABLE_STRICT_OBJC_MSGSEND = YES;
				GCC_C_LANGUAGE_STANDARD = gnu11;
				GCC_NO_COMMON_BLOCKS = YES;
				GCC_WARN_64_TO_32_BIT_CONVERSION = YES;
				GCC_WARN_ABOUT_RETURN_TYPE = YES_ERROR;
				GCC_WARN_UNDECLARED_SELECTOR = YES;
				GCC_WARN_UNINITIALIZED_AUTOS = YES_AGGRESSIVE;
				GCC_WARN_UNUSED_FUNCTION = YES;
				GCC_WARN_UNUSED_VARIABLE = YES;
				IPHONEOS_DEPLOYMENT_TARGET = 15.5;
				MTL_ENABLE_DEBUG_INFO = NO;
				MTL_FAST_MATH = YES;
				SDKROOT = iphoneos;
				SWIFT_COMPILATION_MODE = wholemodule;
				SWIFT_OPTIMIZATION_LEVEL = "-O";
				VALIDATE_PRODUCT = YES;
			};
			name = Release;
		};
		2B39E0DC290A5D9A004B4284 /* Debug */ = {
			isa = XCBuildConfiguration;
			buildSettings = {
				ASSETCATALOG_COMPILER_APPICON_NAME = AppIcon;
				ASSETCATALOG_COMPILER_GLOBAL_ACCENT_COLOR_NAME = AccentColor;
				CODE_SIGN_STYLE = Automatic;
				CURRENT_PROJECT_VERSION = 1;
				DEVELOPMENT_ASSET_PATHS = "\"InnerPeace/Preview Content\"";
				DEVELOPMENT_TEAM = 7MYQ7W5DQV;
				ENABLE_PREVIEWS = YES;
				GENERATE_INFOPLIST_FILE = YES;
				INFOPLIST_KEY_UIApplicationSceneManifest_Generation = YES;
				INFOPLIST_KEY_UIApplicationSupportsIndirectInputEvents = YES;
				INFOPLIST_KEY_UILaunchScreen_Generation = YES;
				INFOPLIST_KEY_UISupportedInterfaceOrientations_iPad = "UIInterfaceOrientationPortrait UIInterfaceOrientationPortraitUpsideDown UIInterfaceOrientationLandscapeLeft UIInterfaceOrientationLandscapeRight";
				INFOPLIST_KEY_UISupportedInterfaceOrientations_iPhone = "UIInterfaceOrientationPortrait UIInterfaceOrientationLandscapeLeft UIInterfaceOrientationLandscapeRight";
				LD_RUNPATH_SEARCH_PATHS = (
					"$(inherited)",
					"@executable_path/Frameworks",
				);
				MARKETING_VERSION = 1.0;
				PRODUCT_BUNDLE_IDENTIFIER = com.InnerPeace;
				PRODUCT_NAME = "$(TARGET_NAME)";
				SWIFT_EMIT_LOC_STRINGS = YES;
				SWIFT_VERSION = 5.0;
				TARGETED_DEVICE_FAMILY = "1,2";
			};
			name = Debug;
		};
		2B39E0DD290A5D9A004B4284 /* Release */ = {
			isa = XCBuildConfiguration;
			buildSettings = {
				ASSETCATALOG_COMPILER_APPICON_NAME = AppIcon;
				ASSETCATALOG_COMPILER_GLOBAL_ACCENT_COLOR_NAME = AccentColor;
				CODE_SIGN_STYLE = Automatic;
				CURRENT_PROJECT_VERSION = 1;
				DEVELOPMENT_ASSET_PATHS = "\"InnerPeace/Preview Content\"";
				DEVELOPMENT_TEAM = 7MYQ7W5DQV;
				ENABLE_PREVIEWS = YES;
				GENERATE_INFOPLIST_FILE = YES;
				INFOPLIST_KEY_UIApplicationSceneManifest_Generation = YES;
				INFOPLIST_KEY_UIApplicationSupportsIndirectInputEvents = YES;
				INFOPLIST_KEY_UILaunchScreen_Generation = YES;
				INFOPLIST_KEY_UISupportedInterfaceOrientations_iPad = "UIInterfaceOrientationPortrait UIInterfaceOrientationPortraitUpsideDown UIInterfaceOrientationLandscapeLeft UIInterfaceOrientationLandscapeRight";
				INFOPLIST_KEY_UISupportedInterfaceOrientations_iPhone = "UIInterfaceOrientationPortrait UIInterfaceOrientationLandscapeLeft UIInterfaceOrientationLandscapeRight";
				LD_RUNPATH_SEARCH_PATHS = (
					"$(inherited)",
					"@executable_path/Frameworks",
				);
				MARKETING_VERSION = 1.0;
				PRODUCT_BUNDLE_IDENTIFIER = com.InnerPeace;
				PRODUCT_NAME = "$(TARGET_NAME)";
				SWIFT_EMIT_LOC_STRINGS = YES;
				SWIFT_VERSION = 5.0;
				TARGETED_DEVICE_FAMILY = "1,2";
			};
			name = Release;
		};
/* End XCBuildConfiguration section */

/* Begin XCConfigurationList section */
		2B39E0C8290A5D98004B4284 /* Build configuration list for PBXProject "InnerPeace" */ = {
			isa = XCConfigurationList;
			buildConfigurations = (
				2B39E0D9290A5D9A004B4284 /* Debug */,
				2B39E0DA290A5D9A004B4284 /* Release */,
			);
			defaultConfigurationIsVisible = 0;
			defaultConfigurationName = Release;
		};
		2B39E0DB290A5D9A004B4284 /* Build configuration list for PBXNativeTarget "InnerPeace" */ = {
			isa = XCConfigurationList;
			buildConfigurations = (
				2B39E0DC290A5D9A004B4284 /* Debug */,
				2B39E0DD290A5D9A004B4284 /* Release */,
			);
			defaultConfigurationIsVisible = 0;
			defaultConfigurationName = Release;
		};
/* End XCConfigurationList section */

/* Begin XCRemoteSwiftPackageReference section */
		2B39E0FA290E5F9E004B4284 /* XCRemoteSwiftPackageReference "lottie-ios" */ = {
			isa = XCRemoteSwiftPackageReference;
			repositoryURL = "https://github.com/airbnb/lottie-ios.git";
			requirement = {
				kind = upToNextMajorVersion;
				minimumVersion = 3.0.0;
			};
		};
		2B81967A2910FF2B00C5649B /* XCRemoteSwiftPackageReference "swift-collections" */ = {
			isa = XCRemoteSwiftPackageReference;
			repositoryURL = "https://github.com/apple/swift-collections.git";
			requirement = {
				kind = upToNextMajorVersion;
				minimumVersion = 1.0.0;
			};
		};
		2B81968529111B4F00C5649B /* XCRemoteSwiftPackageReference "ChartView" */ = {
			isa = XCRemoteSwiftPackageReference;
			repositoryURL = "https://github.com/AppPear/ChartView";
			requirement = {
				kind = upToNextMajorVersion;
				minimumVersion = 1.0.0;
			};
		};
/* End XCRemoteSwiftPackageReference section */

/* Begin XCSwiftPackageProductDependency section */
		2B39E0FB290E5F9E004B4284 /* Lottie */ = {
			isa = XCSwiftPackageProductDependency;
			package = 2B39E0FA290E5F9E004B4284 /* XCRemoteSwiftPackageReference "lottie-ios" */;
			productName = Lottie;
		};
		2B81967B2910FF2B00C5649B /* Collections */ = {
			isa = XCSwiftPackageProductDependency;
			package = 2B81967A2910FF2B00C5649B /* XCRemoteSwiftPackageReference "swift-collections" */;
			productName = Collections;
		};
		2B81967D2910FF2B00C5649B /* DequeModule */ = {
			isa = XCSwiftPackageProductDependency;
			package = 2B81967A2910FF2B00C5649B /* XCRemoteSwiftPackageReference "swift-collections" */;
			productName = DequeModule;
		};
		2B81967F2910FF2B00C5649B /* OrderedCollections */ = {
			isa = XCSwiftPackageProductDependency;
			package = 2B81967A2910FF2B00C5649B /* XCRemoteSwiftPackageReference "swift-collections" */;
			productName = OrderedCollections;
		};
		2B81968629111B4F00C5649B /* SwiftUICharts */ = {
			isa = XCSwiftPackageProductDependency;
			package = 2B81968529111B4F00C5649B /* XCRemoteSwiftPackageReference "ChartView" */;
			productName = SwiftUICharts;
		};
/* End XCSwiftPackageProductDependency section */
	};
	rootObject = 2B39E0C5290A5D98004B4284 /* Project object */;
}
